
Microsoft Visual Studio Solution File, Format Version 12.00
# Visual Studio Version 17
VisualStudioVersion = 17.14.36203.30 d17.14
MinimumVisualStudioVersion = 10.0.40219.1
Project("{FAE04EC0-301F-11D3-BF4B-00C04F79EFBC}") = "Level Randomizer", "Level Randomizer.csproj", "{AE6CD151-9811-526A-9CD1-B99873D8E94B}"
EndProject
Global
	GlobalSection(SolutionConfigurationPlatforms) = preSolution
		Debug|Any CPU = Debug|Any CPU
		Release|Any CPU = Release|Any CPU
	EndGlobalSection
	GlobalSection(ProjectConfigurationPlatforms) = postSolution
		{AE6CD151-9811-526A-9CD1-B99873D8E94B}.Debug|Any CPU.ActiveCfg = Debug|Any CPU
		{AE6CD151-9811-526A-9CD1-B99873D8E94B}.Debug|Any CPU.Build.0 = Debug|Any CPU
		{AE6CD151-9811-526A-9CD1-B99873D8E94B}.Release|Any CPU.ActiveCfg = Release|Any CPU
		{AE6CD151-9811-526A-9CD1-B99873D8E94B}.Release|Any CPU.Build.0 = Release|Any CPU
	EndGlobalSection
	GlobalSection(SolutionProperties) = preSolution
		HideSolutionNode = FALSE
	EndGlobalSection
	GlobalSection(ExtensibilityGlobals) = postSolution
		SolutionGuid = {B4E9CF36-2EB1-4FFA-94E0-7266F7C1CA33}
	EndGlobalSection
EndGlobal
