
Microsoft Visual Studio Solution File, Format Version 12.00
# Visual Studio Version 17
VisualStudioVersion = 17.14.36203.30
MinimumVisualStudioVersion = 10.0.40219.1
Project("{FAE04EC0-301F-11D3-BF4B-00C04F79EFBC}") = "Bullet Train", "Viewfinder Mod 2\Bullet Train.csproj", "{4D13156C-43F9-46F1-B3B0-B940EFDBF258}"
EndProject
Global
	GlobalSection(SolutionConfigurationPlatforms) = preSolution
		Debug|Any CPU = Debug|Any CPU
		Release|Any CPU = Release|Any CPU
	EndGlobalSection
	GlobalSection(ProjectConfigurationPlatforms) = postSolution
		{4D13156C-43F9-46F1-B3B0-B940EFDBF258}.Debug|Any CPU.ActiveCfg = Debug|Any CPU
		{4D13156C-43F9-46F1-B3B0-B940EFDBF258}.Debug|Any CPU.Build.0 = Debug|Any CPU
		{4D13156C-43F9-46F1-B3B0-B940EFDBF258}.Release|Any CPU.ActiveCfg = Release|Any CPU
		{4D13156C-43F9-46F1-B3B0-B940EFDBF258}.Release|Any CPU.Build.0 = Release|Any CPU
	EndGlobalSection
	GlobalSection(SolutionProperties) = preSolution
		HideSolutionNode = FALSE
	EndGlobalSection
	GlobalSection(ExtensibilityGlobals) = postSolution
		SolutionGuid = {81F4848D-7027-4FB4-9EBA-C67D80646FC7}
	EndGlobalSection
EndGlobal
